{
  "name": "SeaKing-tvt",
  "lockfileVersion": 3,
  "requires": true,
  "packages": {
    "": {
      "dependencies": {
        "@types/file-saver": "^2.0.7"
      },
      "devDependencies": {
        "@types/node": "^22.9.0",
        "encryptjs": "^2.0.0"
      }
    },
    "node_modules/@types/file-saver": {
      "version": "2.0.7",
      "resolved": "https://registry.npmjs.org/@types/file-saver/-/file-saver-2.0.7.tgz",
      "integrity": "sha512-dNKVfHd/jk0SkR/exKGj2ggkB45MAkzvWCaqLUUgkyjITkGNzH8H+yUwr+BLJUBjZOe9w8X3wgmXhZDRg1ED6A=="
    },
    "node_modules/@types/node": {
      "version": "22.9.0",
      "resolved": "https://registry.npmjs.org/@types/node/-/node-22.9.0.tgz",
      "integrity": "sha512-vuyHg81vvWA1Z1ELfvLko2c8f34gyA0zaic0+Rllc5lbCnbSyuvb2Oxpm6TAUAC/2xZN3QGqxBNggD1nNR2AfQ==",
      "dev": true,
      "dependencies": {
        "undici-types": "~6.19.8"
      }
    },
    "node_modules/encryptjs": {
      "version": "2.0.0",
      "resolved": "https://registry.npmjs.org/encryptjs/-/encryptjs-2.0.0.tgz",
      "integrity": "sha512-azX9YKVDejln5j87DlFvMjrUr7wJ+I+XFUmXW1liThfPQnzQySGc/O6LHT4uH0nwXXCprtw7u6aYPMXjPWAq0Q==",
      "dev": true
    },
    "node_modules/undici-types": {
      "version": "6.19.8",
      "resolved": "https://registry.npmjs.org/undici-types/-/undici-types-6.19.8.tgz",
      "integrity": "sha512-ve2KP6f/JnbPBFyobGHuerC9g1FYGn/F8n1LWTwNxCEzd6IfqTwUQcNXgEtmmQ6DlRrC1hrSrBnCZPokRrDHjw==",
      "dev": true
    }
  }
}
